
Microsoft Visual Studio Solution File, Format Version 12.00
# Visual Studio 15
VisualStudioVersion = 15.0.28307.1340
MinimumVisualStudioVersion = 10.0.40219.1
Project("{FAE04EC0-301F-11D3-BF4B-00C04F79EFBC}") = "ServerChatApp_001_YusufHardiNugroho", "ServerChatApp_001_YusufHardiNugroho\ServerChatApp_001_YusufHardiNugroho.csproj", "{873B33B4-46A9-4168-98C7-196BBE8031F2}"
EndProject
Global
	GlobalSection(SolutionConfigurationPlatforms) = preSolution
		Debug|Any CPU = Debug|Any CPU
		Release|Any CPU = Release|Any CPU
	EndGlobalSection
	GlobalSection(ProjectConfigurationPlatforms) = postSolution
		{873B33B4-46A9-4168-98C7-196BBE8031F2}.Debug|Any CPU.ActiveCfg = Debug|Any CPU
		{873B33B4-46A9-4168-98C7-196BBE8031F2}.Debug|Any CPU.Build.0 = Debug|Any CPU
		{873B33B4-46A9-4168-98C7-196BBE8031F2}.Release|Any CPU.ActiveCfg = Release|Any CPU
		{873B33B4-46A9-4168-98C7-196BBE8031F2}.Release|Any CPU.Build.0 = Release|Any CPU
	EndGlobalSection
	GlobalSection(SolutionProperties) = preSolution
		HideSolutionNode = FALSE
	EndGlobalSection
	GlobalSection(ExtensibilityGlobals) = postSolution
		SolutionGuid = {65EB6761-97E7-42B6-AC4A-DA8A3096BC2A}
	EndGlobalSection
EndGlobal
